
Microsoft Visual Studio Solution File, Format Version 12.00
# Visual Studio Version 17
VisualStudioVersion = 17.3.32901.215
MinimumVisualStudioVersion = 10.0.40219.1
Project("{9A19103F-16F7-4668-BE54-9A1E7A4F7556}") = "Shop.API", "Shop.API\Shop.API.csproj", "{75952DCF-679C-42FD-858C-9838C74C6042}"
EndProject
Project("{9A19103F-16F7-4668-BE54-9A1E7A4F7556}") = "Shop.Application", "Shop.App\Shop.Application.csproj", "{563DD63E-9EC1-4A6B-BF69-13061A7E2046}"
EndProject
Project("{9A19103F-16F7-4668-BE54-9A1E7A4F7556}") = "Shop.Core", "Shop.Core\Shop.Core.csproj", "{DBD1E8FF-4B30-45ED-B3B0-C2CF1EF03F4F}"
EndProject
Project("{9A19103F-16F7-4668-BE54-9A1E7A4F7556}") = "Shop.Infrastructure", "Shop.Infrastructure\Shop.Infrastructure.csproj", "{2A783FBC-24A5-4D16-B4C5-BCEC1CED58A4}"
EndProject
Global
	GlobalSection(SolutionConfigurationPlatforms) = preSolution
		Debug|Any CPU = Debug|Any CPU
		Release|Any CPU = Release|Any CPU
	EndGlobalSection
	GlobalSection(ProjectConfigurationPlatforms) = postSolution
		{75952DCF-679C-42FD-858C-9838C74C6042}.Debug|Any CPU.ActiveCfg = Debug|Any CPU
		{75952DCF-679C-42FD-858C-9838C74C6042}.Debug|Any CPU.Build.0 = Debug|Any CPU
		{75952DCF-679C-42FD-858C-9838C74C6042}.Release|Any CPU.ActiveCfg = Release|Any CPU
		{75952DCF-679C-42FD-858C-9838C74C6042}.Release|Any CPU.Build.0 = Release|Any CPU
		{563DD63E-9EC1-4A6B-BF69-13061A7E2046}.Debug|Any CPU.ActiveCfg = Debug|Any CPU
		{563DD63E-9EC1-4A6B-BF69-13061A7E2046}.Debug|Any CPU.Build.0 = Debug|Any CPU
		{563DD63E-9EC1-4A6B-BF69-13061A7E2046}.Release|Any CPU.ActiveCfg = Release|Any CPU
		{563DD63E-9EC1-4A6B-BF69-13061A7E2046}.Release|Any CPU.Build.0 = Release|Any CPU
		{DBD1E8FF-4B30-45ED-B3B0-C2CF1EF03F4F}.Debug|Any CPU.ActiveCfg = Debug|Any CPU
		{DBD1E8FF-4B30-45ED-B3B0-C2CF1EF03F4F}.Debug|Any CPU.Build.0 = Debug|Any CPU
		{DBD1E8FF-4B30-45ED-B3B0-C2CF1EF03F4F}.Release|Any CPU.ActiveCfg = Release|Any CPU
		{DBD1E8FF-4B30-45ED-B3B0-C2CF1EF03F4F}.Release|Any CPU.Build.0 = Release|Any CPU
		{2A783FBC-24A5-4D16-B4C5-BCEC1CED58A4}.Debug|Any CPU.ActiveCfg = Debug|Any CPU
		{2A783FBC-24A5-4D16-B4C5-BCEC1CED58A4}.Debug|Any CPU.Build.0 = Debug|Any CPU
		{2A783FBC-24A5-4D16-B4C5-BCEC1CED58A4}.Release|Any CPU.ActiveCfg = Release|Any CPU
		{2A783FBC-24A5-4D16-B4C5-BCEC1CED58A4}.Release|Any CPU.Build.0 = Release|Any CPU
	EndGlobalSection
	GlobalSection(SolutionProperties) = preSolution
		HideSolutionNode = FALSE
	EndGlobalSection
	GlobalSection(ExtensibilityGlobals) = postSolution
		SolutionGuid = {BDFD9DD9-0322-4FA6-B144-A9206442D7C8}
	EndGlobalSection
EndGlobal
